
Microsoft Visual Studio Solution File, Format Version 12.00
# Visual Studio Version 17
VisualStudioVersion = 17.8.34330.188
MinimumVisualStudioVersion = 10.0.40219.1
Project("{888888A0-9F3D-457C-B088-3A5042F75D52}") = "pyOpenCV_TemplateMatch", "pyOpenCV_TemplateMatch\pyOpenCV_TemplateMatch.pyproj", "{7BE6094F-185E-4ACF-A529-386A69F7A3FC}"
EndProject
Global
	GlobalSection(SolutionConfigurationPlatforms) = preSolution
		Debug|Any CPU = Debug|Any CPU
		Release|Any CPU = Release|Any CPU
	EndGlobalSection
	GlobalSection(ProjectConfigurationPlatforms) = postSolution
		{7BE6094F-185E-4ACF-A529-386A69F7A3FC}.Debug|Any CPU.ActiveCfg = Debug|Any CPU
		{7BE6094F-185E-4ACF-A529-386A69F7A3FC}.Release|Any CPU.ActiveCfg = Release|Any CPU
	EndGlobalSection
	GlobalSection(SolutionProperties) = preSolution
		HideSolutionNode = FALSE
	EndGlobalSection
	GlobalSection(ExtensibilityGlobals) = postSolution
		SolutionGuid = {09841BC9-46BD-4520-82A0-55FA98742F9C}
	EndGlobalSection
EndGlobal
